// !$*UTF8*$!
{
	archiveVersion = 1;
	classes = {
	};
	objectVersion = 52;
	objects = {

/* Begin PBXBuildFile section */
		C614E74226E12DAB00F7F87C /* Theme.swift in Sources */ = {isa = PBXBuildFile; fileRef = C614E74126E12DAB00F7F87C /* Theme.swift */; };
		C628F0D325C4A08B001331AB /* NotoSerif-Bold.ttf in Resources */ = {isa = PBXBuildFile; fileRef = C628F0D125C4A08B001331AB /* NotoSerif-Bold.ttf */; };
		C628F0D425C4A08B001331AB /* NotoSerif-Regular.ttf in Resources */ = {isa = PBXBuildFile; fileRef = C628F0D225C4A08B001331AB /* NotoSerif-Regular.ttf */; };
		C65289F326CF0DFF009D486B /* StatefulExampleView.swift in Sources */ = {isa = PBXBuildFile; fileRef = C65289F226CF0DFF009D486B /* StatefulExampleView.swift */; };
		C671309E25C4948800F75E44 /* NiceComponentsExampleApp.swift in Sources */ = {isa = PBXBuildFile; fileRef = C671309D25C4948800F75E44 /* NiceComponentsExampleApp.swift */; };
		C67130A025C4948800F75E44 /* ContentView.swift in Sources */ = {isa = PBXBuildFile; fileRef = C671309F25C4948800F75E44 /* ContentView.swift */; };
		C67130A225C4948900F75E44 /* Assets.xcassets in Resources */ = {isa = PBXBuildFile; fileRef = C67130A125C4948900F75E44 /* Assets.xcassets */; };
		C67130A525C4948900F75E44 /* Preview Assets.xcassets in Resources */ = {isa = PBXBuildFile; fileRef = C67130A425C4948900F75E44 /* Preview Assets.xcassets */; };
		C67130B625C4966400F75E44 /* NiceComponents in Frameworks */ = {isa = PBXBuildFile; productRef = C67130B525C4966400F75E44 /* NiceComponents */; };
		C6CD255825D6F01C008026D5 /* AllComponentsView.swift in Sources */ = {isa = PBXBuildFile; fileRef = C6CD255725D6F01C008026D5 /* AllComponentsView.swift */; };
		C6CD255D25D6F0B1008026D5 /* SampleSignInView.swift in Sources */ = {isa = PBXBuildFile; fileRef = C6CD255C25D6F0B1008026D5 /* SampleSignInView.swift */; };
/* End PBXBuildFile section */

/* Begin PBXFileReference section */
		C614E74126E12DAB00F7F87C /* Theme.swift */ = {isa = PBXFileReference; lastKnownFileType = sourcecode.swift; path = Theme.swift; sourceTree = "<group>"; };
		C628F0D125C4A08B001331AB /* NotoSerif-Bold.ttf */ = {isa = PBXFileReference; lastKnownFileType = file; path = "NotoSerif-Bold.ttf"; sourceTree = "<group>"; };
		C628F0D225C4A08B001331AB /* NotoSerif-Regular.ttf */ = {isa = PBXFileReference; lastKnownFileType = file; path = "NotoSerif-Regular.ttf"; sourceTree = "<group>"; };
		C65289F226CF0DFF009D486B /* StatefulExampleView.swift */ = {isa = PBXFileReference; lastKnownFileType = sourcecode.swift; path = StatefulExampleView.swift; sourceTree = "<group>"; };
		C671309A25C4948800F75E44 /* NiceComponentsExample.app */ = {isa = PBXFileReference; explicitFileType = wrapper.application; includeInIndex = 0; path = NiceComponentsExample.app; sourceTree = BUILT_PRODUCTS_DIR; };
		C671309D25C4948800F75E44 /* NiceComponentsExampleApp.swift */ = {isa = PBXFileReference; lastKnownFileType = sourcecode.swift; path = NiceComponentsExampleApp.swift; sourceTree = "<group>"; };
		C671309F25C4948800F75E44 /* ContentView.swift */ = {isa = PBXFileReference; lastKnownFileType = sourcecode.swift; path = ContentView.swift; sourceTree = "<group>"; };
		C67130A125C4948900F75E44 /* Assets.xcassets */ = {isa = PBXFileReference; lastKnownFileType = folder.assetcatalog; path = Assets.xcassets; sourceTree = "<group>"; };
		C67130A425C4948900F75E44 /* Preview Assets.xcassets */ = {isa = PBXFileReference; lastKnownFileType = folder.assetcatalog; path = "Preview Assets.xcassets"; sourceTree = "<group>"; };
		C67130A625C4948900F75E44 /* Info.plist */ = {isa = PBXFileReference; lastKnownFileType = text.plist.xml; path = Info.plist; sourceTree = "<group>"; };
		C67130AD25C4949100F75E44 /* NiceComponents */ = {isa = PBXFileReference; lastKnownFileType = folder; name = NiceComponents; path = ..; sourceTree = "<group>"; };
		C6CD255725D6F01C008026D5 /* AllComponentsView.swift */ = {isa = PBXFileReference; fileEncoding = 4; lastKnownFileType = sourcecode.swift; path = AllComponentsView.swift; sourceTree = "<group>"; };
		C6CD255C25D6F0B1008026D5 /* SampleSignInView.swift */ = {isa = PBXFileReference; lastKnownFileType = sourcecode.swift; path = SampleSignInView.swift; sourceTree = "<group>"; };
/* End PBXFileReference section */

/* Begin PBXFrameworksBuildPhase section */
		C671309725C4948800F75E44 /* Frameworks */ = {
			isa = PBXFrameworksBuildPhase;
			buildActionMask = 2147483647;
			files = (
				C67130B625C4966400F75E44 /* NiceComponents in Frameworks */,
			);
			runOnlyForDeploymentPostprocessing = 0;
		};
/* End PBXFrameworksBuildPhase section */

/* Begin PBXGroup section */
		C628F0D025C49F9B001331AB /* Resources */ = {
			isa = PBXGroup;
			children = (
				C628F0D125C4A08B001331AB /* NotoSerif-Bold.ttf */,
				C628F0D225C4A08B001331AB /* NotoSerif-Regular.ttf */,
				C614E74126E12DAB00F7F87C /* Theme.swift */,
			);
			path = Resources;
			sourceTree = "<group>";
		};
		C671309125C4948800F75E44 = {
			isa = PBXGroup;
			children = (
				C67130AD25C4949100F75E44 /* NiceComponents */,
				C671309C25C4948800F75E44 /* NiceComponentsExample */,
				C671309B25C4948800F75E44 /* Products */,
				C67130AF25C495C200F75E44 /* Frameworks */,
			);
			sourceTree = "<group>";
		};
		C671309B25C4948800F75E44 /* Products */ = {
			isa = PBXGroup;
			children = (
				C671309A25C4948800F75E44 /* NiceComponentsExample.app */,
			);
			name = Products;
			sourceTree = "<group>";
		};
		C671309C25C4948800F75E44 /* NiceComponentsExample */ = {
			isa = PBXGroup;
			children = (
				C6CD255625D6F006008026D5 /* View */,
				C628F0D025C49F9B001331AB /* Resources */,
				C671309D25C4948800F75E44 /* NiceComponentsExampleApp.swift */,
				C671309F25C4948800F75E44 /* ContentView.swift */,
				C67130A125C4948900F75E44 /* Assets.xcassets */,
				C67130A625C4948900F75E44 /* Info.plist */,
				C67130A325C4948900F75E44 /* Preview Content */,
			);
			path = NiceComponentsExample;
			sourceTree = "<group>";
		};
		C67130A325C4948900F75E44 /* Preview Content */ = {
			isa = PBXGroup;
			children = (
				C67130A425C4948900F75E44 /* Preview Assets.xcassets */,
			);
			path = "Preview Content";
			sourceTree = "<group>";
		};
		C67130AF25C495C200F75E44 /* Frameworks */ = {
			isa = PBXGroup;
			children = (
			);
			name = Frameworks;
			sourceTree = "<group>";
		};
		C6CD255625D6F006008026D5 /* View */ = {
			isa = PBXGroup;
			children = (
				C6CD255725D6F01C008026D5 /* AllComponentsView.swift */,
				C6CD255C25D6F0B1008026D5 /* SampleSignInView.swift */,
				C65289F226CF0DFF009D486B /* StatefulExampleView.swift */,
			);
			path = View;
			sourceTree = "<group>";
		};
/* End PBXGroup section */

/* Begin PBXNativeTarget section */
		C671309925C4948800F75E44 /* NiceComponentsExample */ = {
			isa = PBXNativeTarget;
			buildConfigurationList = C67130A925C4948900F75E44 /* Build configuration list for PBXNativeTarget "NiceComponentsExample" */;
			buildPhases = (
				C671309625C4948800F75E44 /* Sources */,
				C671309725C4948800F75E44 /* Frameworks */,
				C671309825C4948800F75E44 /* Resources */,
			);
			buildRules = (
			);
			dependencies = (
			);
			name = NiceComponentsExample;
			packageProductDependencies = (
				C67130B525C4966400F75E44 /* NiceComponents */,
			);
			productName = NiceComponentsExample;
			productReference = C671309A25C4948800F75E44 /* NiceComponentsExample.app */;
			productType = "com.apple.product-type.application";
		};
/* End PBXNativeTarget section */

/* Begin PBXProject section */
		C671309225C4948800F75E44 /* Project object */ = {
			isa = PBXProject;
			attributes = {
				LastSwiftUpdateCheck = 1240;
				LastUpgradeCheck = 1240;
				TargetAttributes = {
					C671309925C4948800F75E44 = {
						CreatedOnToolsVersion = 12.4;
					};
				};
			};
			buildConfigurationList = C671309525C4948800F75E44 /* Build configuration list for PBXProject "NiceComponentsExample" */;
			compatibilityVersion = "Xcode 9.3";
			developmentRegion = en;
			hasScannedForEncodings = 0;
			knownRegions = (
				en,
				Base,
			);
			mainGroup = C671309125C4948800F75E44;
			productRefGroup = C671309B25C4948800F75E44 /* Products */;
			projectDirPath = "";
			projectRoot = "";
			targets = (
				C671309925C4948800F75E44 /* NiceComponentsExample */,
			);
		};
/* End PBXProject section */

/* Begin PBXResourcesBuildPhase section */
		C671309825C4948800F75E44 /* Resources */ = {
			isa = PBXResourcesBuildPhase;
			buildActionMask = 2147483647;
			files = (
				C67130A525C4948900F75E44 /* Preview Assets.xcassets in Resources */,
				C628F0D425C4A08B001331AB /* NotoSerif-Regular.ttf in Resources */,
				C628F0D325C4A08B001331AB /* NotoSerif-Bold.ttf in Resources */,
				C67130A225C4948900F75E44 /* Assets.xcassets in Resources */,
			);
			runOnlyForDeploymentPostprocessing = 0;
		};
/* End PBXResourcesBuildPhase section */

/* Begin PBXSourcesBuildPhase section */
		C671309625C4948800F75E44 /* Sources */ = {
			isa = PBXSourcesBuildPhase;
			buildActionMask = 2147483647;
			files = (
				C67130A025C4948800F75E44 /* ContentView.swift in Sources */,
				C671309E25C4948800F75E44 /* NiceComponentsExampleApp.swift in Sources */,
				C65289F326CF0DFF009D486B /* StatefulExampleView.swift in Sources */,
				C614E74226E12DAB00F7F87C /* Theme.swift in Sources */,
				C6CD255D25D6F0B1008026D5 /* SampleSignInView.swift in Sources */,
				C6CD255825D6F01C008026D5 /* AllComponentsView.swift in Sources */,
			);
			runOnlyForDeploymentPostprocessing = 0;
		};
/* End PBXSourcesBuildPhase section */

/* Begin XCBuildConfiguration section */
		C67130A725C4948900F75E44 /* Debug */ = {
			isa = XCBuildConfiguration;
			buildSettings = {
				ALWAYS_SEARCH_USER_PATHS = NO;
				CLANG_ANALYZER_NONNULL = YES;
				CLANG_ANALYZER_NUMBER_OBJECT_CONVERSION = YES_AGGRESSIVE;
				CLANG_CXX_LANGUAGE_STANDARD = "gnu++14";
				CLANG_CXX_LIBRARY = "libc++";
				CLANG_ENABLE_MODULES = YES;
				CLANG_ENABLE_OBJC_ARC = YES;
				CLANG_ENABLE_OBJC_WEAK = YES;
				CLANG_WARN_BLOCK_CAPTURE_AUTORELEASING = YES;
				CLANG_WARN_BOOL_CONVERSION = YES;
				CLANG_WARN_COMMA = YES;
				CLANG_WARN_CONSTANT_CONVERSION = YES;
				CLANG_WARN_DEPRECATED_OBJC_IMPLEMENTATIONS = YES;
				CLANG_WARN_DIRECT_OBJC_ISA_USAGE = YES_ERROR;
				CLANG_WARN_DOCUMENTATION_COMMENTS = YES;
				CLANG_WARN_EMPTY_BODY = YES;
				CLANG_WARN_ENUM_CONVERSION = YES;
				CLANG_WARN_INFINITE_RECURSION = YES;
				CLANG_WARN_INT_CONVERSION = YES;
				CLANG_WARN_NON_LITERAL_NULL_CONVERSION = YES;
				CLANG_WARN_OBJC_IMPLICIT_RETAIN_SELF = YES;
				CLANG_WARN_OBJC_LITERAL_CONVERSION = YES;
				CLANG_WARN_OBJC_ROOT_CLASS = YES_ERROR;
				CLANG_WARN_QUOTED_INCLUDE_IN_FRAMEWORK_HEADER = YES;
				CLANG_WARN_RANGE_LOOP_ANALYSIS = YES;
				CLANG_WARN_STRICT_PROTOTYPES = YES;
				CLANG_WARN_SUSPICIOUS_MOVE = YES;
				CLANG_WARN_UNGUARDED_AVAILABILITY = YES_AGGRESSIVE;
				CLANG_WARN_UNREACHABLE_CODE = YES;
				CLANG_WARN__DUPLICATE_METHOD_MATCH = YES;
				COPY_PHASE_STRIP = NO;
				DEBUG_INFORMATION_FORMAT = dwarf;
				ENABLE_STRICT_OBJC_MSGSEND = YES;
				ENABLE_TESTABILITY = YES;
				GCC_C_LANGUAGE_STANDARD = gnu11;
				GCC_DYNAMIC_NO_PIC = NO;
				GCC_NO_COMMON_BLOCKS = YES;
				GCC_OPTIMIZATION_LEVEL = 0;
				GCC_PREPROCESSOR_DEFINITIONS = (
					"DEBUG=1",
					"$(inherited)",
				);
				GCC_WARN_64_TO_32_BIT_CONVERSION = YES;
				GCC_WARN_ABOUT_RETURN_TYPE = YES_ERROR;
				GCC_WARN_UNDECLARED_SELECTOR = YES;
				GCC_WARN_UNINITIALIZED_AUTOS = YES_AGGRESSIVE;
				GCC_WARN_UNUSED_FUNCTION = YES;
				GCC_WARN_UNUSED_VARIABLE = YES;
				IPHONEOS_DEPLOYMENT_TARGET = 14.4;
				MTL_ENABLE_DEBUG_INFO = INCLUDE_SOURCE;
				MTL_FAST_MATH = YES;
				ONLY_ACTIVE_ARCH = YES;
				SDKROOT = iphoneos;
				SWIFT_ACTIVE_COMPILATION_CONDITIONS = DEBUG;
				SWIFT_OPTIMIZATION_LEVEL = "-Onone";
			};
			name = Debug;
		};
		C67130A825C4948900F75E44 /* Release */ = {
			isa = XCBuildConfiguration;
			buildSettings = {
				ALWAYS_SEARCH_USER_PATHS = NO;
				CLANG_ANALYZER_NONNULL = YES;
				CLANG_ANALYZER_NUMBER_OBJECT_CONVERSION = YES_AGGRESSIVE;
				CLANG_CXX_LANGUAGE_STANDARD = "gnu++14";
				CLANG_CXX_LIBRARY = "libc++";
				CLANG_ENABLE_MODULES = YES;
				CLANG_ENABLE_OBJC_ARC = YES;
				CLANG_ENABLE_OBJC_WEAK = YES;
				CLANG_WARN_BLOCK_CAPTURE_AUTORELEASING = YES;
				CLANG_WARN_BOOL_CONVERSION = YES;
				CLANG_WARN_COMMA = YES;
				CLANG_WARN_CONSTANT_CONVERSION = YES;
				CLANG_WARN_DEPRECATED_OBJC_IMPLEMENTATIONS = YES;
				CLANG_WARN_DIRECT_OBJC_ISA_USAGE = YES_ERROR;
				CLANG_WARN_DOCUMENTATION_COMMENTS = YES;
				CLANG_WARN_EMPTY_BODY = YES;
				CLANG_WARN_ENUM_CONVERSION = YES;
				CLANG_WARN_INFINITE_RECURSION = YES;
				CLANG_WARN_INT_CONVERSION = YES;
				CLANG_WARN_NON_LITERAL_NULL_CONVERSION = YES;
				CLANG_WARN_OBJC_IMPLICIT_RETAIN_SELF = YES;
				CLANG_WARN_OBJC_LITERAL_CONVERSION = YES;
				CLANG_WARN_OBJC_ROOT_CLASS = YES_ERROR;
				CLANG_WARN_QUOTED_INCLUDE_IN_FRAMEWORK_HEADER = YES;
				CLANG_WARN_RANGE_LOOP_ANALYSIS = YES;
				CLANG_WARN_STRICT_PROTOTYPES = YES;
				CLANG_WARN_SUSPICIOUS_MOVE = YES;
				CLANG_WARN_UNGUARDED_AVAILABILITY = YES_AGGRESSIVE;
				CLANG_WARN_UNREACHABLE_CODE = YES;
				CLANG_WARN__DUPLICATE_METHOD_MATCH = YES;
				COPY_PHASE_STRIP = NO;
				DEBUG_INFORMATION_FORMAT = "dwarf-with-dsym";
				ENABLE_NS_ASSERTIONS = NO;
				ENABLE_STRICT_OBJC_MSGSEND = YES;
				GCC_C_LANGUAGE_STANDARD = gnu11;
				GCC_NO_COMMON_BLOCKS = YES;
				GCC_WARN_64_TO_32_BIT_CONVERSION = YES;
				GCC_WARN_ABOUT_RETURN_TYPE = YES_ERROR;
				GCC_WARN_UNDECLARED_SELECTOR = YES;
				GCC_WARN_UNINITIALIZED_AUTOS = YES_AGGRESSIVE;
				GCC_WARN_UNUSED_FUNCTION = YES;
				GCC_WARN_UNUSED_VARIABLE = YES;
				IPHONEOS_DEPLOYMENT_TARGET = 14.4;
				MTL_ENABLE_DEBUG_INFO = NO;
				MTL_FAST_MATH = YES;
				SDKROOT = iphoneos;
				SWIFT_COMPILATION_MODE = wholemodule;
				SWIFT_OPTIMIZATION_LEVEL = "-O";
				VALIDATE_PRODUCT = YES;
			};
			name = Release;
		};
		C67130AA25C4948900F75E44 /* Debug */ = {
			isa = XCBuildConfiguration;
			buildSettings = {
				ASSETCATALOG_COMPILER_APPICON_NAME = AppIcon;
				ASSETCATALOG_COMPILER_GLOBAL_ACCENT_COLOR_NAME = AccentColor;
				CODE_SIGN_STYLE = Automatic;
				DEVELOPMENT_ASSET_PATHS = "\"NiceComponentsExample/Preview Content\"";
				DEVELOPMENT_TEAM = GH868RP95T;
				ENABLE_PREVIEWS = YES;
				INFOPLIST_FILE = NiceComponentsExample/Info.plist;
				IPHONEOS_DEPLOYMENT_TARGET = 14.0;
				LD_RUNPATH_SEARCH_PATHS = (
					"$(inherited)",
					"@executable_path/Frameworks",
				);
				MARKETING_VERSION = 0.1;
				PRODUCT_BUNDLE_IDENTIFIER = com.steamclock.NiceComponentsExample;
				PRODUCT_NAME = "$(TARGET_NAME)";
				SWIFT_VERSION = 5.0;
				TARGETED_DEVICE_FAMILY = "1,2";
			};
			name = Debug;
		};
		C67130AB25C4948900F75E44 /* Release */ = {
			isa = XCBuildConfiguration;
			buildSettings = {
				ASSETCATALOG_COMPILER_APPICON_NAME = AppIcon;
				ASSETCATALOG_COMPILER_GLOBAL_ACCENT_COLOR_NAME = AccentColor;
				CODE_SIGN_STYLE = Automatic;
				DEVELOPMENT_ASSET_PATHS = "\"NiceComponentsExample/Preview Content\"";
				DEVELOPMENT_TEAM = GH868RP95T;
				ENABLE_PREVIEWS = YES;
				INFOPLIST_FILE = NiceComponentsExample/Info.plist;
				IPHONEOS_DEPLOYMENT_TARGET = 14.0;
				LD_RUNPATH_SEARCH_PATHS = (
					"$(inherited)",
					"@executable_path/Frameworks",
				);
				MARKETING_VERSION = 0.1;
				PRODUCT_BUNDLE_IDENTIFIER = com.steamclock.NiceComponentsExample;
				PRODUCT_NAME = "$(TARGET_NAME)";
				SWIFT_VERSION = 5.0;
				TARGETED_DEVICE_FAMILY = "1,2";
			};
			name = Release;
		};
/* End XCBuildConfiguration section */

/* Begin XCConfigurationList section */
		C671309525C4948800F75E44 /* Build configuration list for PBXProject "NiceComponentsExample" */ = {
			isa = XCConfigurationList;
			buildConfigurations = (
				C67130A725C4948900F75E44 /* Debug */,
				C67130A825C4948900F75E44 /* Release */,
			);
			defaultConfigurationIsVisible = 0;
			defaultConfigurationName = Release;
		};
		C67130A925C4948900F75E44 /* Build configuration list for PBXNativeTarget "NiceComponentsExample" */ = {
			isa = XCConfigurationList;
			buildConfigurations = (
				C67130AA25C4948900F75E44 /* Debug */,
				C67130AB25C4948900F75E44 /* Release */,
			);
			defaultConfigurationIsVisible = 0;
			defaultConfigurationName = Release;
		};
/* End XCConfigurationList section */

/* Begin XCSwiftPackageProductDependency section */
		C67130B525C4966400F75E44 /* NiceComponents */ = {
			isa = XCSwiftPackageProductDependency;
			productName = NiceComponents;
		};
/* End XCSwiftPackageProductDependency section */
	};
	rootObject = C671309225C4948800F75E44 /* Project object */;
}
