// !$*UTF8*$!
{
	archiveVersion = 1;
	classes = {
	};
	objectVersion = 52;
	objects = {

/* Begin PBXBuildFile section */
		C645B5A325AF80770006EEF2 /* SteamKitExampleApp.swift in Sources */ = {isa = PBXBuildFile; fileRef = C645B5A225AF80770006EEF2 /* SteamKitExampleApp.swift */; };
		C645B5A525AF80770006EEF2 /* ContentView.swift in Sources */ = {isa = PBXBuildFile; fileRef = C645B5A425AF80770006EEF2 /* ContentView.swift */; };
		C645B5A725AF80790006EEF2 /* Assets.xcassets in Resources */ = {isa = PBXBuildFile; fileRef = C645B5A625AF80790006EEF2 /* Assets.xcassets */; };
		C645B5AA25AF80790006EEF2 /* Preview Assets.xcassets in Resources */ = {isa = PBXBuildFile; fileRef = C645B5A925AF80790006EEF2 /* Preview Assets.xcassets */; };
		C645B5B925AF81820006EEF2 /* SteamKit in Frameworks */ = {isa = PBXBuildFile; productRef = C645B5B825AF81820006EEF2 /* SteamKit */; };
/* End PBXBuildFile section */

/* Begin PBXFileReference section */
		C645B59F25AF80770006EEF2 /* SteamKitExample.app */ = {isa = PBXFileReference; explicitFileType = wrapper.application; includeInIndex = 0; path = SteamKitExample.app; sourceTree = BUILT_PRODUCTS_DIR; };
		C645B5A225AF80770006EEF2 /* SteamKitExampleApp.swift */ = {isa = PBXFileReference; lastKnownFileType = sourcecode.swift; path = SteamKitExampleApp.swift; sourceTree = "<group>"; };
		C645B5A425AF80770006EEF2 /* ContentView.swift */ = {isa = PBXFileReference; lastKnownFileType = sourcecode.swift; path = ContentView.swift; sourceTree = "<group>"; };
		C645B5A625AF80790006EEF2 /* Assets.xcassets */ = {isa = PBXFileReference; lastKnownFileType = folder.assetcatalog; path = Assets.xcassets; sourceTree = "<group>"; };
		C645B5A925AF80790006EEF2 /* Preview Assets.xcassets */ = {isa = PBXFileReference; lastKnownFileType = folder.assetcatalog; path = "Preview Assets.xcassets"; sourceTree = "<group>"; };
		C645B5AB25AF80790006EEF2 /* Info.plist */ = {isa = PBXFileReference; lastKnownFileType = text.plist.xml; path = Info.plist; sourceTree = "<group>"; };
		C645B5B525AF81750006EEF2 /* SteamKit */ = {isa = PBXFileReference; lastKnownFileType = folder; name = SteamKit; path = ..; sourceTree = "<group>"; };
/* End PBXFileReference section */

/* Begin PBXFrameworksBuildPhase section */
		C645B59C25AF80770006EEF2 /* Frameworks */ = {
			isa = PBXFrameworksBuildPhase;
			buildActionMask = 2147483647;
			files = (
				C645B5B925AF81820006EEF2 /* SteamKit in Frameworks */,
			);
			runOnlyForDeploymentPostprocessing = 0;
		};
/* End PBXFrameworksBuildPhase section */

/* Begin PBXGroup section */
		C645B59625AF80770006EEF2 = {
			isa = PBXGroup;
			children = (
				C645B5B525AF81750006EEF2 /* SteamKit */,
				C645B5A125AF80770006EEF2 /* SteamKitExample */,
				C645B5A025AF80770006EEF2 /* Products */,
				C645B5B725AF81820006EEF2 /* Frameworks */,
			);
			sourceTree = "<group>";
		};
		C645B5A025AF80770006EEF2 /* Products */ = {
			isa = PBXGroup;
			children = (
				C645B59F25AF80770006EEF2 /* SteamKitExample.app */,
			);
			name = Products;
			sourceTree = "<group>";
		};
		C645B5A125AF80770006EEF2 /* SteamKitExample */ = {
			isa = PBXGroup;
			children = (
				C645B5A225AF80770006EEF2 /* SteamKitExampleApp.swift */,
				C645B5A425AF80770006EEF2 /* ContentView.swift */,
				C645B5A625AF80790006EEF2 /* Assets.xcassets */,
				C645B5AB25AF80790006EEF2 /* Info.plist */,
				C645B5A825AF80790006EEF2 /* Preview Content */,
			);
			path = SteamKitExample;
			sourceTree = "<group>";
		};
		C645B5A825AF80790006EEF2 /* Preview Content */ = {
			isa = PBXGroup;
			children = (
				C645B5A925AF80790006EEF2 /* Preview Assets.xcassets */,
			);
			path = "Preview Content";
			sourceTree = "<group>";
		};
		C645B5B725AF81820006EEF2 /* Frameworks */ = {
			isa = PBXGroup;
			children = (
			);
			name = Frameworks;
			sourceTree = "<group>";
		};
/* End PBXGroup section */

/* Begin PBXNativeTarget section */
		C645B59E25AF80770006EEF2 /* SteamKitExample */ = {
			isa = PBXNativeTarget;
			buildConfigurationList = C645B5AE25AF80790006EEF2 /* Build configuration list for PBXNativeTarget "SteamKitExample" */;
			buildPhases = (
				C645B59B25AF80770006EEF2 /* Sources */,
				C645B59C25AF80770006EEF2 /* Frameworks */,
				C645B59D25AF80770006EEF2 /* Resources */,
			);
			buildRules = (
			);
			dependencies = (
			);
			name = SteamKitExample;
			packageProductDependencies = (
				C645B5B825AF81820006EEF2 /* SteamKit */,
			);
			productName = SteamKitExample;
			productReference = C645B59F25AF80770006EEF2 /* SteamKitExample.app */;
			productType = "com.apple.product-type.application";
		};
/* End PBXNativeTarget section */

/* Begin PBXProject section */
		C645B59725AF80770006EEF2 /* Project object */ = {
			isa = PBXProject;
			attributes = {
				LastSwiftUpdateCheck = 1230;
				LastUpgradeCheck = 1230;
				TargetAttributes = {
					C645B59E25AF80770006EEF2 = {
						CreatedOnToolsVersion = 12.3;
					};
				};
			};
			buildConfigurationList = C645B59A25AF80770006EEF2 /* Build configuration list for PBXProject "SteamKitExample" */;
			compatibilityVersion = "Xcode 9.3";
			developmentRegion = en;
			hasScannedForEncodings = 0;
			knownRegions = (
				en,
				Base,
			);
			mainGroup = C645B59625AF80770006EEF2;
			productRefGroup = C645B5A025AF80770006EEF2 /* Products */;
			projectDirPath = "";
			projectRoot = "";
			targets = (
				C645B59E25AF80770006EEF2 /* SteamKitExample */,
			);
		};
/* End PBXProject section */

/* Begin PBXResourcesBuildPhase section */
		C645B59D25AF80770006EEF2 /* Resources */ = {
			isa = PBXResourcesBuildPhase;
			buildActionMask = 2147483647;
			files = (
				C645B5AA25AF80790006EEF2 /* Preview Assets.xcassets in Resources */,
				C645B5A725AF80790006EEF2 /* Assets.xcassets in Resources */,
			);
			runOnlyForDeploymentPostprocessing = 0;
		};
/* End PBXResourcesBuildPhase section */

/* Begin PBXSourcesBuildPhase section */
		C645B59B25AF80770006EEF2 /* Sources */ = {
			isa = PBXSourcesBuildPhase;
			buildActionMask = 2147483647;
			files = (
				C645B5A525AF80770006EEF2 /* ContentView.swift in Sources */,
				C645B5A325AF80770006EEF2 /* SteamKitExampleApp.swift in Sources */,
			);
			runOnlyForDeploymentPostprocessing = 0;
		};
/* End PBXSourcesBuildPhase section */

/* Begin XCBuildConfiguration section */
		C645B5AC25AF80790006EEF2 /* Debug */ = {
			isa = XCBuildConfiguration;
			buildSettings = {
				ALWAYS_SEARCH_USER_PATHS = NO;
				CLANG_ANALYZER_NONNULL = YES;
				CLANG_ANALYZER_NUMBER_OBJECT_CONVERSION = YES_AGGRESSIVE;
				CLANG_CXX_LANGUAGE_STANDARD = "gnu++14";
				CLANG_CXX_LIBRARY = "libc++";
				CLANG_ENABLE_MODULES = YES;
				CLANG_ENABLE_OBJC_ARC = YES;
				CLANG_ENABLE_OBJC_WEAK = YES;
				CLANG_WARN_BLOCK_CAPTURE_AUTORELEASING = YES;
				CLANG_WARN_BOOL_CONVERSION = YES;
				CLANG_WARN_COMMA = YES;
				CLANG_WARN_CONSTANT_CONVERSION = YES;
				CLANG_WARN_DEPRECATED_OBJC_IMPLEMENTATIONS = YES;
				CLANG_WARN_DIRECT_OBJC_ISA_USAGE = YES_ERROR;
				CLANG_WARN_DOCUMENTATION_COMMENTS = YES;
				CLANG_WARN_EMPTY_BODY = YES;
				CLANG_WARN_ENUM_CONVERSION = YES;
				CLANG_WARN_INFINITE_RECURSION = YES;
				CLANG_WARN_INT_CONVERSION = YES;
				CLANG_WARN_NON_LITERAL_NULL_CONVERSION = YES;
				CLANG_WARN_OBJC_IMPLICIT_RETAIN_SELF = YES;
				CLANG_WARN_OBJC_LITERAL_CONVERSION = YES;
				CLANG_WARN_OBJC_ROOT_CLASS = YES_ERROR;
				CLANG_WARN_QUOTED_INCLUDE_IN_FRAMEWORK_HEADER = YES;
				CLANG_WARN_RANGE_LOOP_ANALYSIS = YES;
				CLANG_WARN_STRICT_PROTOTYPES = YES;
				CLANG_WARN_SUSPICIOUS_MOVE = YES;
				CLANG_WARN_UNGUARDED_AVAILABILITY = YES_AGGRESSIVE;
				CLANG_WARN_UNREACHABLE_CODE = YES;
				CLANG_WARN__DUPLICATE_METHOD_MATCH = YES;
				COPY_PHASE_STRIP = NO;
				DEBUG_INFORMATION_FORMAT = dwarf;
				ENABLE_STRICT_OBJC_MSGSEND = YES;
				ENABLE_TESTABILITY = YES;
				GCC_C_LANGUAGE_STANDARD = gnu11;
				GCC_DYNAMIC_NO_PIC = NO;
				GCC_NO_COMMON_BLOCKS = YES;
				GCC_OPTIMIZATION_LEVEL = 0;
				GCC_PREPROCESSOR_DEFINITIONS = (
					"DEBUG=1",
					"$(inherited)",
				);
				GCC_WARN_64_TO_32_BIT_CONVERSION = YES;
				GCC_WARN_ABOUT_RETURN_TYPE = YES_ERROR;
				GCC_WARN_UNDECLARED_SELECTOR = YES;
				GCC_WARN_UNINITIALIZED_AUTOS = YES_AGGRESSIVE;
				GCC_WARN_UNUSED_FUNCTION = YES;
				GCC_WARN_UNUSED_VARIABLE = YES;
				IPHONEOS_DEPLOYMENT_TARGET = 14.3;
				MTL_ENABLE_DEBUG_INFO = INCLUDE_SOURCE;
				MTL_FAST_MATH = YES;
				ONLY_ACTIVE_ARCH = YES;
				SDKROOT = iphoneos;
				SWIFT_ACTIVE_COMPILATION_CONDITIONS = DEBUG;
				SWIFT_OPTIMIZATION_LEVEL = "-Onone";
			};
			name = Debug;
		};
		C645B5AD25AF80790006EEF2 /* Release */ = {
			isa = XCBuildConfiguration;
			buildSettings = {
				ALWAYS_SEARCH_USER_PATHS = NO;
				CLANG_ANALYZER_NONNULL = YES;
				CLANG_ANALYZER_NUMBER_OBJECT_CONVERSION = YES_AGGRESSIVE;
				CLANG_CXX_LANGUAGE_STANDARD = "gnu++14";
				CLANG_CXX_LIBRARY = "libc++";
				CLANG_ENABLE_MODULES = YES;
				CLANG_ENABLE_OBJC_ARC = YES;
				CLANG_ENABLE_OBJC_WEAK = YES;
				CLANG_WARN_BLOCK_CAPTURE_AUTORELEASING = YES;
				CLANG_WARN_BOOL_CONVERSION = YES;
				CLANG_WARN_COMMA = YES;
				CLANG_WARN_CONSTANT_CONVERSION = YES;
				CLANG_WARN_DEPRECATED_OBJC_IMPLEMENTATIONS = YES;
				CLANG_WARN_DIRECT_OBJC_ISA_USAGE = YES_ERROR;
				CLANG_WARN_DOCUMENTATION_COMMENTS = YES;
				CLANG_WARN_EMPTY_BODY = YES;
				CLANG_WARN_ENUM_CONVERSION = YES;
				CLANG_WARN_INFINITE_RECURSION = YES;
				CLANG_WARN_INT_CONVERSION = YES;
				CLANG_WARN_NON_LITERAL_NULL_CONVERSION = YES;
				CLANG_WARN_OBJC_IMPLICIT_RETAIN_SELF = YES;
				CLANG_WARN_OBJC_LITERAL_CONVERSION = YES;
				CLANG_WARN_OBJC_ROOT_CLASS = YES_ERROR;
				CLANG_WARN_QUOTED_INCLUDE_IN_FRAMEWORK_HEADER = YES;
				CLANG_WARN_RANGE_LOOP_ANALYSIS = YES;
				CLANG_WARN_STRICT_PROTOTYPES = YES;
				CLANG_WARN_SUSPICIOUS_MOVE = YES;
				CLANG_WARN_UNGUARDED_AVAILABILITY = YES_AGGRESSIVE;
				CLANG_WARN_UNREACHABLE_CODE = YES;
				CLANG_WARN__DUPLICATE_METHOD_MATCH = YES;
				COPY_PHASE_STRIP = NO;
				DEBUG_INFORMATION_FORMAT = "dwarf-with-dsym";
				ENABLE_NS_ASSERTIONS = NO;
				ENABLE_STRICT_OBJC_MSGSEND = YES;
				GCC_C_LANGUAGE_STANDARD = gnu11;
				GCC_NO_COMMON_BLOCKS = YES;
				GCC_WARN_64_TO_32_BIT_CONVERSION = YES;
				GCC_WARN_ABOUT_RETURN_TYPE = YES_ERROR;
				GCC_WARN_UNDECLARED_SELECTOR = YES;
				GCC_WARN_UNINITIALIZED_AUTOS = YES_AGGRESSIVE;
				GCC_WARN_UNUSED_FUNCTION = YES;
				GCC_WARN_UNUSED_VARIABLE = YES;
				IPHONEOS_DEPLOYMENT_TARGET = 14.3;
				MTL_ENABLE_DEBUG_INFO = NO;
				MTL_FAST_MATH = YES;
				SDKROOT = iphoneos;
				SWIFT_COMPILATION_MODE = wholemodule;
				SWIFT_OPTIMIZATION_LEVEL = "-O";
				VALIDATE_PRODUCT = YES;
			};
			name = Release;
		};
		C645B5AF25AF80790006EEF2 /* Debug */ = {
			isa = XCBuildConfiguration;
			buildSettings = {
				ASSETCATALOG_COMPILER_APPICON_NAME = AppIcon;
				ASSETCATALOG_COMPILER_GLOBAL_ACCENT_COLOR_NAME = AccentColor;
				CODE_SIGN_STYLE = Automatic;
				DEVELOPMENT_ASSET_PATHS = "\"SteamKitExample/Preview Content\"";
				DEVELOPMENT_TEAM = GH868RP95T;
				ENABLE_PREVIEWS = YES;
				INFOPLIST_FILE = SteamKitExample/Info.plist;
				IPHONEOS_DEPLOYMENT_TARGET = 14.0;
				LD_RUNPATH_SEARCH_PATHS = (
					"$(inherited)",
					"@executable_path/Frameworks",
				);
				PRODUCT_BUNDLE_IDENTIFIER = steamclock.SteamKitExample;
				PRODUCT_NAME = "$(TARGET_NAME)";
				SWIFT_VERSION = 5.0;
				TARGETED_DEVICE_FAMILY = "1,2";
			};
			name = Debug;
		};
		C645B5B025AF80790006EEF2 /* Release */ = {
			isa = XCBuildConfiguration;
			buildSettings = {
				ASSETCATALOG_COMPILER_APPICON_NAME = AppIcon;
				ASSETCATALOG_COMPILER_GLOBAL_ACCENT_COLOR_NAME = AccentColor;
				CODE_SIGN_STYLE = Automatic;
				DEVELOPMENT_ASSET_PATHS = "\"SteamKitExample/Preview Content\"";
				DEVELOPMENT_TEAM = GH868RP95T;
				ENABLE_PREVIEWS = YES;
				INFOPLIST_FILE = SteamKitExample/Info.plist;
				IPHONEOS_DEPLOYMENT_TARGET = 14.0;
				LD_RUNPATH_SEARCH_PATHS = (
					"$(inherited)",
					"@executable_path/Frameworks",
				);
				PRODUCT_BUNDLE_IDENTIFIER = steamclock.SteamKitExample;
				PRODUCT_NAME = "$(TARGET_NAME)";
				SWIFT_VERSION = 5.0;
				TARGETED_DEVICE_FAMILY = "1,2";
			};
			name = Release;
		};
/* End XCBuildConfiguration section */

/* Begin XCConfigurationList section */
		C645B59A25AF80770006EEF2 /* Build configuration list for PBXProject "SteamKitExample" */ = {
			isa = XCConfigurationList;
			buildConfigurations = (
				C645B5AC25AF80790006EEF2 /* Debug */,
				C645B5AD25AF80790006EEF2 /* Release */,
			);
			defaultConfigurationIsVisible = 0;
			defaultConfigurationName = Release;
		};
		C645B5AE25AF80790006EEF2 /* Build configuration list for PBXNativeTarget "SteamKitExample" */ = {
			isa = XCConfigurationList;
			buildConfigurations = (
				C645B5AF25AF80790006EEF2 /* Debug */,
				C645B5B025AF80790006EEF2 /* Release */,
			);
			defaultConfigurationIsVisible = 0;
			defaultConfigurationName = Release;
		};
/* End XCConfigurationList section */

/* Begin XCSwiftPackageProductDependency section */
		C645B5B825AF81820006EEF2 /* SteamKit */ = {
			isa = XCSwiftPackageProductDependency;
			productName = SteamKit;
		};
/* End XCSwiftPackageProductDependency section */
	};
	rootObject = C645B59725AF80770006EEF2 /* Project object */;
}
